
Microsoft Visual Studio Solution File, Format Version 12.00
# Visual Studio Version 16
VisualStudioVersion = 16.0.31205.134
MinimumVisualStudioVersion = 10.0.40219.1
Project("{FAE04EC0-301F-11D3-BF4B-00C04F79EFBC}") = "MyFirstConsoleApp", "MyFirstConsoleApp.csproj", "{7A8545DA-5BF0-413F-AD39-478ACAD3C201}"
EndProject
Global
	GlobalSection(SolutionConfigurationPlatforms) = preSolution
		Debug|Any CPU = Debug|Any CPU
		Release|Any CPU = Release|Any CPU
	EndGlobalSection
	GlobalSection(ProjectConfigurationPlatforms) = postSolution
		{7A8545DA-5BF0-413F-AD39-478ACAD3C201}.Debug|Any CPU.ActiveCfg = Debug|Any CPU
		{7A8545DA-5BF0-413F-AD39-478ACAD3C201}.Debug|Any CPU.Build.0 = Debug|Any CPU
		{7A8545DA-5BF0-413F-AD39-478ACAD3C201}.Release|Any CPU.ActiveCfg = Release|Any CPU
		{7A8545DA-5BF0-413F-AD39-478ACAD3C201}.Release|Any CPU.Build.0 = Release|Any CPU
	EndGlobalSection
	GlobalSection(SolutionProperties) = preSolution
		HideSolutionNode = FALSE
	EndGlobalSection
	GlobalSection(ExtensibilityGlobals) = postSolution
		SolutionGuid = {FCBCB7B7-63A1-48EC-8825-C265C3E0ED07}
	EndGlobalSection
EndGlobal
